// !$*UTF8*$!
{
	archiveVersion = 1;
	classes = {
	};
	objectVersion = 46;
	objects = {

/* Begin PBXBuildFile section */
		034301341A8FC95B008AA697 /* new york.png in Resources */ = {isa = PBXBuildFile; fileRef = 034301331A8FC95B008AA697 /* new york.png */; };
		034301361A8FCA0A008AA697 /* linkedin.png in Resources */ = {isa = PBXBuildFile; fileRef = 034301351A8FCA0A008AA697 /* linkedin.png */; };
		03C83C421A7132E100C7220F /* main.m in Sources */ = {isa = PBXBuildFile; fileRef = 03C83C411A7132E100C7220F /* main.m */; };
		03C83C451A7132E100C7220F /* AppDelegate.m in Sources */ = {isa = PBXBuildFile; fileRef = 03C83C441A7132E100C7220F /* AppDelegate.m */; };
		03C83C481A7132E100C7220F /* ViewController.m in Sources */ = {isa = PBXBuildFile; fileRef = 03C83C471A7132E100C7220F /* ViewController.m */; };
		03C83C4B1A7132E100C7220F /* Main.storyboard in Resources */ = {isa = PBXBuildFile; fileRef = 03C83C491A7132E100C7220F /* Main.storyboard */; };
		03C83C4D1A7132E100C7220F /* Images.xcassets in Resources */ = {isa = PBXBuildFile; fileRef = 03C83C4C1A7132E100C7220F /* Images.xcassets */; };
		03C83C501A7132E100C7220F /* LaunchScreen.xib in Resources */ = {isa = PBXBuildFile; fileRef = 03C83C4E1A7132E100C7220F /* LaunchScreen.xib */; };
		03C83C5C1A7132E100C7220F /* SKPanoramaViewDemoTests.m in Sources */ = {isa = PBXBuildFile; fileRef = 03C83C5B1A7132E100C7220F /* SKPanoramaViewDemoTests.m */; };
		03C83C681A71335200C7220F /* SKPanoramaView.m in Sources */ = {isa = PBXBuildFile; fileRef = 03C83C671A71335200C7220F /* SKPanoramaView.m */; };
		03C83C6A1A7133C800C7220F /* golden gate.png in Resources */ = {isa = PBXBuildFile; fileRef = 03C83C691A7133C800C7220F /* golden gate.png */; };
/* End PBXBuildFile section */

/* Begin PBXContainerItemProxy section */
		03C83C561A7132E100C7220F /* PBXContainerItemProxy */ = {
			isa = PBXContainerItemProxy;
			containerPortal = 03C83C341A7132E100C7220F /* Project object */;
			proxyType = 1;
			remoteGlobalIDString = 03C83C3B1A7132E100C7220F;
			remoteInfo = SKPanoramaViewDemo;
		};
/* End PBXContainerItemProxy section */

/* Begin PBXFileReference section */
		034301331A8FC95B008AA697 /* new york.png */ = {isa = PBXFileReference; lastKnownFileType = image.png; path = "new york.png"; sourceTree = "<group>"; };
		034301351A8FCA0A008AA697 /* linkedin.png */ = {isa = PBXFileReference; lastKnownFileType = image.png; path = linkedin.png; sourceTree = "<group>"; };
		03C83C3C1A7132E100C7220F /* SKPanoramaViewDemo.app */ = {isa = PBXFileReference; explicitFileType = wrapper.application; includeInIndex = 0; path = SKPanoramaViewDemo.app; sourceTree = BUILT_PRODUCTS_DIR; };
		03C83C401A7132E100C7220F /* Info.plist */ = {isa = PBXFileReference; lastKnownFileType = text.plist.xml; path = Info.plist; sourceTree = "<group>"; };
		03C83C411A7132E100C7220F /* main.m */ = {isa = PBXFileReference; lastKnownFileType = sourcecode.c.objc; path = main.m; sourceTree = "<group>"; };
		03C83C431A7132E100C7220F /* AppDelegate.h */ = {isa = PBXFileReference; lastKnownFileType = sourcecode.c.h; path = AppDelegate.h; sourceTree = "<group>"; };
		03C83C441A7132E100C7220F /* AppDelegate.m */ = {isa = PBXFileReference; lastKnownFileType = sourcecode.c.objc; path = AppDelegate.m; sourceTree = "<group>"; };
		03C83C461A7132E100C7220F /* ViewController.h */ = {isa = PBXFileReference; lastKnownFileType = sourcecode.c.h; path = ViewController.h; sourceTree = "<group>"; };
		03C83C471A7132E100C7220F /* ViewController.m */ = {isa = PBXFileReference; lastKnownFileType = sourcecode.c.objc; path = ViewController.m; sourceTree = "<group>"; };
		03C83C4A1A7132E100C7220F /* Base */ = {isa = PBXFileReference; lastKnownFileType = file.storyboard; name = Base; path = Base.lproj/Main.storyboard; sourceTree = "<group>"; };
		03C83C4C1A7132E100C7220F /* Images.xcassets */ = {isa = PBXFileReference; lastKnownFileType = folder.assetcatalog; path = Images.xcassets; sourceTree = "<group>"; };
		03C83C4F1A7132E100C7220F /* Base */ = {isa = PBXFileReference; lastKnownFileType = file.xib; name = Base; path = Base.lproj/LaunchScreen.xib; sourceTree = "<group>"; };
		03C83C551A7132E100C7220F /* SKPanoramaViewDemoTests.xctest */ = {isa = PBXFileReference; explicitFileType = wrapper.cfbundle; includeInIndex = 0; path = SKPanoramaViewDemoTests.xctest; sourceTree = BUILT_PRODUCTS_DIR; };
		03C83C5A1A7132E100C7220F /* Info.plist */ = {isa = PBXFileReference; lastKnownFileType = text.plist.xml; path = Info.plist; sourceTree = "<group>"; };
		03C83C5B1A7132E100C7220F /* SKPanoramaViewDemoTests.m */ = {isa = PBXFileReference; lastKnownFileType = sourcecode.c.objc; path = SKPanoramaViewDemoTests.m; sourceTree = "<group>"; };
		03C83C661A71335200C7220F /* SKPanoramaView.h */ = {isa = PBXFileReference; fileEncoding = 4; lastKnownFileType = sourcecode.c.h; path = SKPanoramaView.h; sourceTree = "<group>"; };
		03C83C671A71335200C7220F /* SKPanoramaView.m */ = {isa = PBXFileReference; fileEncoding = 4; lastKnownFileType = sourcecode.c.objc; path = SKPanoramaView.m; sourceTree = "<group>"; };
		03C83C691A7133C800C7220F /* golden gate.png */ = {isa = PBXFileReference; lastKnownFileType = image.png; path = "golden gate.png"; sourceTree = "<group>"; };
/* End PBXFileReference section */

/* Begin PBXFrameworksBuildPhase section */
		03C83C391A7132E100C7220F /* Frameworks */ = {
			isa = PBXFrameworksBuildPhase;
			buildActionMask = 2147483647;
			files = (
			);
			runOnlyForDeploymentPostprocessing = 0;
		};
		03C83C521A7132E100C7220F /* Frameworks */ = {
			isa = PBXFrameworksBuildPhase;
			buildActionMask = 2147483647;
			files = (
			);
			runOnlyForDeploymentPostprocessing = 0;
		};
/* End PBXFrameworksBuildPhase section */

/* Begin PBXGroup section */
		03C83C331A7132E100C7220F = {
			isa = PBXGroup;
			children = (
				03C83C3E1A7132E100C7220F /* SKPanoramaViewDemo */,
				03C83C581A7132E100C7220F /* SKPanoramaViewDemoTests */,
				03C83C3D1A7132E100C7220F /* Products */,
			);
			sourceTree = "<group>";
		};
		03C83C3D1A7132E100C7220F /* Products */ = {
			isa = PBXGroup;
			children = (
				03C83C3C1A7132E100C7220F /* SKPanoramaViewDemo.app */,
				03C83C551A7132E100C7220F /* SKPanoramaViewDemoTests.xctest */,
			);
			name = Products;
			sourceTree = "<group>";
		};
		03C83C3E1A7132E100C7220F /* SKPanoramaViewDemo */ = {
			isa = PBXGroup;
			children = (
				03C83C651A71335200C7220F /* SKPanoramaView */,
				03C83C431A7132E100C7220F /* AppDelegate.h */,
				03C83C441A7132E100C7220F /* AppDelegate.m */,
				03C83C461A7132E100C7220F /* ViewController.h */,
				03C83C471A7132E100C7220F /* ViewController.m */,
				03C83C491A7132E100C7220F /* Main.storyboard */,
				034301331A8FC95B008AA697 /* new york.png */,
				03C83C691A7133C800C7220F /* golden gate.png */,
				034301351A8FCA0A008AA697 /* linkedin.png */,
				03C83C4C1A7132E100C7220F /* Images.xcassets */,
				03C83C4E1A7132E100C7220F /* LaunchScreen.xib */,
				03C83C3F1A7132E100C7220F /* Supporting Files */,
			);
			path = SKPanoramaViewDemo;
			sourceTree = "<group>";
		};
		03C83C3F1A7132E100C7220F /* Supporting Files */ = {
			isa = PBXGroup;
			children = (
				03C83C401A7132E100C7220F /* Info.plist */,
				03C83C411A7132E100C7220F /* main.m */,
			);
			name = "Supporting Files";
			sourceTree = "<group>";
		};
		03C83C581A7132E100C7220F /* SKPanoramaViewDemoTests */ = {
			isa = PBXGroup;
			children = (
				03C83C5B1A7132E100C7220F /* SKPanoramaViewDemoTests.m */,
				03C83C591A7132E100C7220F /* Supporting Files */,
			);
			path = SKPanoramaViewDemoTests;
			sourceTree = "<group>";
		};
		03C83C591A7132E100C7220F /* Supporting Files */ = {
			isa = PBXGroup;
			children = (
				03C83C5A1A7132E100C7220F /* Info.plist */,
			);
			name = "Supporting Files";
			sourceTree = "<group>";
		};
		03C83C651A71335200C7220F /* SKPanoramaView */ = {
			isa = PBXGroup;
			children = (
				03C83C661A71335200C7220F /* SKPanoramaView.h */,
				03C83C671A71335200C7220F /* SKPanoramaView.m */,
			);
			path = SKPanoramaView;
			sourceTree = "<group>";
		};
/* End PBXGroup section */

/* Begin PBXNativeTarget section */
		03C83C3B1A7132E100C7220F /* SKPanoramaViewDemo */ = {
			isa = PBXNativeTarget;
			buildConfigurationList = 03C83C5F1A7132E100C7220F /* Build configuration list for PBXNativeTarget "SKPanoramaViewDemo" */;
			buildPhases = (
				03C83C381A7132E100C7220F /* Sources */,
				03C83C391A7132E100C7220F /* Frameworks */,
				03C83C3A1A7132E100C7220F /* Resources */,
			);
			buildRules = (
			);
			dependencies = (
			);
			name = SKPanoramaViewDemo;
			productName = SKPanoramaViewDemo;
			productReference = 03C83C3C1A7132E100C7220F /* SKPanoramaViewDemo.app */;
			productType = "com.apple.product-type.application";
		};
		03C83C541A7132E100C7220F /* SKPanoramaViewDemoTests */ = {
			isa = PBXNativeTarget;
			buildConfigurationList = 03C83C621A7132E100C7220F /* Build configuration list for PBXNativeTarget "SKPanoramaViewDemoTests" */;
			buildPhases = (
				03C83C511A7132E100C7220F /* Sources */,
				03C83C521A7132E100C7220F /* Frameworks */,
				03C83C531A7132E100C7220F /* Resources */,
			);
			buildRules = (
			);
			dependencies = (
				03C83C571A7132E100C7220F /* PBXTargetDependency */,
			);
			name = SKPanoramaViewDemoTests;
			productName = SKPanoramaViewDemoTests;
			productReference = 03C83C551A7132E100C7220F /* SKPanoramaViewDemoTests.xctest */;
			productType = "com.apple.product-type.bundle.unit-test";
		};
/* End PBXNativeTarget section */

/* Begin PBXProject section */
		03C83C341A7132E100C7220F /* Project object */ = {
			isa = PBXProject;
			attributes = {
				LastUpgradeCheck = 0730;
				ORGANIZATIONNAME = "Sachin Kesiraju";
				TargetAttributes = {
					03C83C3B1A7132E100C7220F = {
						CreatedOnToolsVersion = 6.1.1;
					};
					03C83C541A7132E100C7220F = {
						CreatedOnToolsVersion = 6.1.1;
						TestTargetID = 03C83C3B1A7132E100C7220F;
					};
				};
			};
			buildConfigurationList = 03C83C371A7132E100C7220F /* Build configuration list for PBXProject "SKPanoramaViewDemo" */;
			compatibilityVersion = "Xcode 3.2";
			developmentRegion = English;
			hasScannedForEncodings = 0;
			knownRegions = (
				en,
				Base,
			);
			mainGroup = 03C83C331A7132E100C7220F;
			productRefGroup = 03C83C3D1A7132E100C7220F /* Products */;
			projectDirPath = "";
			projectRoot = "";
			targets = (
				03C83C3B1A7132E100C7220F /* SKPanoramaViewDemo */,
				03C83C541A7132E100C7220F /* SKPanoramaViewDemoTests */,
			);
		};
/* End PBXProject section */

/* Begin PBXResourcesBuildPhase section */
		03C83C3A1A7132E100C7220F /* Resources */ = {
			isa = PBXResourcesBuildPhase;
			buildActionMask = 2147483647;
			files = (
				03C83C6A1A7133C800C7220F /* golden gate.png in Resources */,
				03C83C4B1A7132E100C7220F /* Main.storyboard in Resources */,
				03C83C501A7132E100C7220F /* LaunchScreen.xib in Resources */,
				034301361A8FCA0A008AA697 /* linkedin.png in Resources */,
				03C83C4D1A7132E100C7220F /* Images.xcassets in Resources */,
				034301341A8FC95B008AA697 /* new york.png in Resources */,
			);
			runOnlyForDeploymentPostprocessing = 0;
		};
		03C83C531A7132E100C7220F /* Resources */ = {
			isa = PBXResourcesBuildPhase;
			buildActionMask = 2147483647;
			files = (
			);
			runOnlyForDeploymentPostprocessing = 0;
		};
/* End PBXResourcesBuildPhase section */

/* Begin PBXSourcesBuildPhase section */
		03C83C381A7132E100C7220F /* Sources */ = {
			isa = PBXSourcesBuildPhase;
			buildActionMask = 2147483647;
			files = (
				03C83C481A7132E100C7220F /* ViewController.m in Sources */,
				03C83C451A7132E100C7220F /* AppDelegate.m in Sources */,
				03C83C421A7132E100C7220F /* main.m in Sources */,
				03C83C681A71335200C7220F /* SKPanoramaView.m in Sources */,
			);
			runOnlyForDeploymentPostprocessing = 0;
		};
		03C83C511A7132E100C7220F /* Sources */ = {
			isa = PBXSourcesBuildPhase;
			buildActionMask = 2147483647;
			files = (
				03C83C5C1A7132E100C7220F /* SKPanoramaViewDemoTests.m in Sources */,
			);
			runOnlyForDeploymentPostprocessing = 0;
		};
/* End PBXSourcesBuildPhase section */

/* Begin PBXTargetDependency section */
		03C83C571A7132E100C7220F /* PBXTargetDependency */ = {
			isa = PBXTargetDependency;
			target = 03C83C3B1A7132E100C7220F /* SKPanoramaViewDemo */;
			targetProxy = 03C83C561A7132E100C7220F /* PBXContainerItemProxy */;
		};
/* End PBXTargetDependency section */

/* Begin PBXVariantGroup section */
		03C83C491A7132E100C7220F /* Main.storyboard */ = {
			isa = PBXVariantGroup;
			children = (
				03C83C4A1A7132E100C7220F /* Base */,
			);
			name = Main.storyboard;
			sourceTree = "<group>";
		};
		03C83C4E1A7132E100C7220F /* LaunchScreen.xib */ = {
			isa = PBXVariantGroup;
			children = (
				03C83C4F1A7132E100C7220F /* Base */,
			);
			name = LaunchScreen.xib;
			sourceTree = "<group>";
		};
/* End PBXVariantGroup section */

/* Begin XCBuildConfiguration section */
		03C83C5D1A7132E100C7220F /* Debug */ = {
			isa = XCBuildConfiguration;
			buildSettings = {
				ALWAYS_SEARCH_USER_PATHS = NO;
				CLANG_CXX_LANGUAGE_STANDARD = "gnu++0x";
				CLANG_CXX_LIBRARY = "libc++";
				CLANG_ENABLE_MODULES = YES;
				CLANG_ENABLE_OBJC_ARC = YES;
				CLANG_WARN_BOOL_CONVERSION = YES;
				CLANG_WARN_CONSTANT_CONVERSION = YES;
				CLANG_WARN_DIRECT_OBJC_ISA_USAGE = YES_ERROR;
				CLANG_WARN_EMPTY_BODY = YES;
				CLANG_WARN_ENUM_CONVERSION = YES;
				CLANG_WARN_INT_CONVERSION = YES;
				CLANG_WARN_OBJC_ROOT_CLASS = YES_ERROR;
				CLANG_WARN_UNREACHABLE_CODE = YES;
				CLANG_WARN__DUPLICATE_METHOD_MATCH = YES;
				"CODE_SIGN_IDENTITY[sdk=iphoneos*]" = "iPhone Developer";
				COPY_PHASE_STRIP = NO;
				ENABLE_STRICT_OBJC_MSGSEND = YES;
				ENABLE_TESTABILITY = YES;
				GCC_C_LANGUAGE_STANDARD = gnu99;
				GCC_DYNAMIC_NO_PIC = NO;
				GCC_OPTIMIZATION_LEVEL = 0;
				GCC_PREPROCESSOR_DEFINITIONS = (
					"DEBUG=1",
					"$(inherited)",
				);
				GCC_SYMBOLS_PRIVATE_EXTERN = NO;
				GCC_WARN_64_TO_32_BIT_CONVERSION = YES;
				GCC_WARN_ABOUT_RETURN_TYPE = YES_ERROR;
				GCC_WARN_UNDECLARED_SELECTOR = YES;
				GCC_WARN_UNINITIALIZED_AUTOS = YES_AGGRESSIVE;
				GCC_WARN_UNUSED_FUNCTION = YES;
				GCC_WARN_UNUSED_VARIABLE = YES;
				IPHONEOS_DEPLOYMENT_TARGET = 8.1;
				MTL_ENABLE_DEBUG_INFO = YES;
				ONLY_ACTIVE_ARCH = YES;
				SDKROOT = iphoneos;
			};
			name = Debug;
		};
		03C83C5E1A7132E100C7220F /* Release */ = {
			isa = XCBuildConfiguration;
			buildSettings = {
				ALWAYS_SEARCH_USER_PATHS = NO;
				CLANG_CXX_LANGUAGE_STANDARD = "gnu++0x";
				CLANG_CXX_LIBRARY = "libc++";
				CLANG_ENABLE_MODULES = YES;
				CLANG_ENABLE_OBJC_ARC = YES;
				CLANG_WARN_BOOL_CONVERSION = YES;
				CLANG_WARN_CONSTANT_CONVERSION = YES;
				CLANG_WARN_DIRECT_OBJC_ISA_USAGE = YES_ERROR;
				CLANG_WARN_EMPTY_BODY = YES;
				CLANG_WARN_ENUM_CONVERSION = YES;
				CLANG_WARN_INT_CONVERSION = YES;
				CLANG_WARN_OBJC_ROOT_CLASS = YES_ERROR;
				CLANG_WARN_UNREACHABLE_CODE = YES;
				CLANG_WARN__DUPLICATE_METHOD_MATCH = YES;
				"CODE_SIGN_IDENTITY[sdk=iphoneos*]" = "iPhone Developer";
				COPY_PHASE_STRIP = YES;
				ENABLE_NS_ASSERTIONS = NO;
				ENABLE_STRICT_OBJC_MSGSEND = YES;
				GCC_C_LANGUAGE_STANDARD = gnu99;
				GCC_WARN_64_TO_32_BIT_CONVERSION = YES;
				GCC_WARN_ABOUT_RETURN_TYPE = YES_ERROR;
				GCC_WARN_UNDECLARED_SELECTOR = YES;
				GCC_WARN_UNINITIALIZED_AUTOS = YES_AGGRESSIVE;
				GCC_WARN_UNUSED_FUNCTION = YES;
				GCC_WARN_UNUSED_VARIABLE = YES;
				IPHONEOS_DEPLOYMENT_TARGET = 8.1;
				MTL_ENABLE_DEBUG_INFO = NO;
				SDKROOT = iphoneos;
				VALIDATE_PRODUCT = YES;
			};
			name = Release;
		};
		03C83C601A7132E100C7220F /* Debug */ = {
			isa = XCBuildConfiguration;
			buildSettings = {
				ASSETCATALOG_COMPILER_APPICON_NAME = AppIcon;
				INFOPLIST_FILE = SKPanoramaViewDemo/Info.plist;
				IPHONEOS_DEPLOYMENT_TARGET = 8.0;
				LD_RUNPATH_SEARCH_PATHS = "$(inherited) @executable_path/Frameworks";
				PRODUCT_BUNDLE_IDENTIFIER = "Sachin.Kesiraju.$(PRODUCT_NAME:rfc1034identifier)";
				PRODUCT_NAME = "$(TARGET_NAME)";
			};
			name = Debug;
		};
		03C83C611A7132E100C7220F /* Release */ = {
			isa = XCBuildConfiguration;
			buildSettings = {
				ASSETCATALOG_COMPILER_APPICON_NAME = AppIcon;
				INFOPLIST_FILE = SKPanoramaViewDemo/Info.plist;
				IPHONEOS_DEPLOYMENT_TARGET = 8.0;
				LD_RUNPATH_SEARCH_PATHS = "$(inherited) @executable_path/Frameworks";
				PRODUCT_BUNDLE_IDENTIFIER = "Sachin.Kesiraju.$(PRODUCT_NAME:rfc1034identifier)";
				PRODUCT_NAME = "$(TARGET_NAME)";
			};
			name = Release;
		};
		03C83C631A7132E100C7220F /* Debug */ = {
			isa = XCBuildConfiguration;
			buildSettings = {
				BUNDLE_LOADER = "$(TEST_HOST)";
				FRAMEWORK_SEARCH_PATHS = "";
				GCC_PREPROCESSOR_DEFINITIONS = (
					"DEBUG=1",
					"$(inherited)",
				);
				INFOPLIST_FILE = SKPanoramaViewDemoTests/Info.plist;
				LD_RUNPATH_SEARCH_PATHS = "$(inherited) @executable_path/Frameworks @loader_path/Frameworks";
				PRODUCT_BUNDLE_IDENTIFIER = "Sachin.Kesiraju.$(PRODUCT_NAME:rfc1034identifier)";
				PRODUCT_NAME = "$(TARGET_NAME)";
				TEST_HOST = "$(BUILT_PRODUCTS_DIR)/SKPanoramaViewDemo.app/SKPanoramaViewDemo";
			};
			name = Debug;
		};
		03C83C641A7132E100C7220F /* Release */ = {
			isa = XCBuildConfiguration;
			buildSettings = {
				BUNDLE_LOADER = "$(TEST_HOST)";
				FRAMEWORK_SEARCH_PATHS = "";
				INFOPLIST_FILE = SKPanoramaViewDemoTests/Info.plist;
				LD_RUNPATH_SEARCH_PATHS = "$(inherited) @executable_path/Frameworks @loader_path/Frameworks";
				PRODUCT_BUNDLE_IDENTIFIER = "Sachin.Kesiraju.$(PRODUCT_NAME:rfc1034identifier)";
				PRODUCT_NAME = "$(TARGET_NAME)";
				TEST_HOST = "$(BUILT_PRODUCTS_DIR)/SKPanoramaViewDemo.app/SKPanoramaViewDemo";
			};
			name = Release;
		};
/* End XCBuildConfiguration section */

/* Begin XCConfigurationList section */
		03C83C371A7132E100C7220F /* Build configuration list for PBXProject "SKPanoramaViewDemo" */ = {
			isa = XCConfigurationList;
			buildConfigurations = (
				03C83C5D1A7132E100C7220F /* Debug */,
				03C83C5E1A7132E100C7220F /* Release */,
			);
			defaultConfigurationIsVisible = 0;
			defaultConfigurationName = Release;
		};
		03C83C5F1A7132E100C7220F /* Build configuration list for PBXNativeTarget "SKPanoramaViewDemo" */ = {
			isa = XCConfigurationList;
			buildConfigurations = (
				03C83C601A7132E100C7220F /* Debug */,
				03C83C611A7132E100C7220F /* Release */,
			);
			defaultConfigurationIsVisible = 0;
			defaultConfigurationName = Release;
		};
		03C83C621A7132E100C7220F /* Build configuration list for PBXNativeTarget "SKPanoramaViewDemoTests" */ = {
			isa = XCConfigurationList;
			buildConfigurations = (
				03C83C631A7132E100C7220F /* Debug */,
				03C83C641A7132E100C7220F /* Release */,
			);
			defaultConfigurationIsVisible = 0;
			defaultConfigurationName = Release;
		};
/* End XCConfigurationList section */
	};
	rootObject = 03C83C341A7132E100C7220F /* Project object */;
}
